// !$*UTF8*$!
{
	archiveVersion = 1;
	classes = {
	};
	objectVersion = 50;
	objects = {

/* Begin PBXBuildFile section */
		834C2127265B9AC20073948C /* AppDelegate.swift in Sources */ = {isa = PBXBuildFile; fileRef = 834C2126265B9AC20073948C /* AppDelegate.swift */; };
		834C2130265B9AC30073948C /* Assets.xcassets in Resources */ = {isa = PBXBuildFile; fileRef = 834C212F265B9AC30073948C /* Assets.xcassets */; };
		834C2133265B9AC30073948C /* LaunchScreen.storyboard in Resources */ = {isa = PBXBuildFile; fileRef = 834C2131265B9AC30073948C /* LaunchScreen.storyboard */; };
		834C213E265B9AC30073948C /* aoka_TaskApp15Tests.swift in Sources */ = {isa = PBXBuildFile; fileRef = 834C213D265B9AC30073948C /* aoka_TaskApp15Tests.swift */; };
		834C2149265B9AC30073948C /* aoka_TaskApp15UITests.swift in Sources */ = {isa = PBXBuildFile; fileRef = 834C2148265B9AC30073948C /* aoka_TaskApp15UITests.swift */; };
		834C2163265B9B170073948C /* First.storyboard in Resources */ = {isa = PBXBuildFile; fileRef = 834C2162265B9B170073948C /* First.storyboard */; };
		834C2168265B9B360073948C /* TableViewCell.swift in Sources */ = {isa = PBXBuildFile; fileRef = 834C2167265B9B360073948C /* TableViewCell.swift */; };
		834C216D265B9B500073948C /* FirstViewController.swift in Sources */ = {isa = PBXBuildFile; fileRef = 834C216C265B9B500073948C /* FirstViewController.swift */; };
		834C2172265B9B650073948C /* Second.storyboard in Resources */ = {isa = PBXBuildFile; fileRef = 834C2171265B9B650073948C /* Second.storyboard */; };
		834C2177265B9B770073948C /* SecondViewController.swift in Sources */ = {isa = PBXBuildFile; fileRef = 834C2176265B9B770073948C /* SecondViewController.swift */; };
		834C217C265B9CB80073948C /* Router.swift in Sources */ = {isa = PBXBuildFile; fileRef = 834C217B265B9CB80073948C /* Router.swift */; };
/* End PBXBuildFile section */

/* Begin PBXContainerItemProxy section */
		834C213A265B9AC30073948C /* PBXContainerItemProxy */ = {
			isa = PBXContainerItemProxy;
			containerPortal = 834C211B265B9AC20073948C /* Project object */;
			proxyType = 1;
			remoteGlobalIDString = 834C2122265B9AC20073948C;
			remoteInfo = "aoka-TaskApp15";
		};
		834C2145265B9AC30073948C /* PBXContainerItemProxy */ = {
			isa = PBXContainerItemProxy;
			containerPortal = 834C211B265B9AC20073948C /* Project object */;
			proxyType = 1;
			remoteGlobalIDString = 834C2122265B9AC20073948C;
			remoteInfo = "aoka-TaskApp15";
		};
/* End PBXContainerItemProxy section */

/* Begin PBXFileReference section */
		834C2123265B9AC20073948C /* aoka-TaskApp15.app */ = {isa = PBXFileReference; explicitFileType = wrapper.application; includeInIndex = 0; path = "aoka-TaskApp15.app"; sourceTree = BUILT_PRODUCTS_DIR; };
		834C2126265B9AC20073948C /* AppDelegate.swift */ = {isa = PBXFileReference; lastKnownFileType = sourcecode.swift; path = AppDelegate.swift; sourceTree = "<group>"; };
		834C212F265B9AC30073948C /* Assets.xcassets */ = {isa = PBXFileReference; lastKnownFileType = folder.assetcatalog; path = Assets.xcassets; sourceTree = "<group>"; };
		834C2132265B9AC30073948C /* Base */ = {isa = PBXFileReference; lastKnownFileType = file.storyboard; name = Base; path = Base.lproj/LaunchScreen.storyboard; sourceTree = "<group>"; };
		834C2134265B9AC30073948C /* Info.plist */ = {isa = PBXFileReference; lastKnownFileType = text.plist.xml; path = Info.plist; sourceTree = "<group>"; };
		834C2139265B9AC30073948C /* aoka-TaskApp15Tests.xctest */ = {isa = PBXFileReference; explicitFileType = wrapper.cfbundle; includeInIndex = 0; path = "aoka-TaskApp15Tests.xctest"; sourceTree = BUILT_PRODUCTS_DIR; };
		834C213D265B9AC30073948C /* aoka_TaskApp15Tests.swift */ = {isa = PBXFileReference; lastKnownFileType = sourcecode.swift; path = aoka_TaskApp15Tests.swift; sourceTree = "<group>"; };
		834C213F265B9AC30073948C /* Info.plist */ = {isa = PBXFileReference; lastKnownFileType = text.plist.xml; path = Info.plist; sourceTree = "<group>"; };
		834C2144265B9AC30073948C /* aoka-TaskApp15UITests.xctest */ = {isa = PBXFileReference; explicitFileType = wrapper.cfbundle; includeInIndex = 0; path = "aoka-TaskApp15UITests.xctest"; sourceTree = BUILT_PRODUCTS_DIR; };
		834C2148265B9AC30073948C /* aoka_TaskApp15UITests.swift */ = {isa = PBXFileReference; lastKnownFileType = sourcecode.swift; path = aoka_TaskApp15UITests.swift; sourceTree = "<group>"; };
		834C214A265B9AC30073948C /* Info.plist */ = {isa = PBXFileReference; lastKnownFileType = text.plist.xml; path = Info.plist; sourceTree = "<group>"; };
		834C2162265B9B170073948C /* First.storyboard */ = {isa = PBXFileReference; lastKnownFileType = file.storyboard; path = First.storyboard; sourceTree = "<group>"; };
		834C2167265B9B360073948C /* TableViewCell.swift */ = {isa = PBXFileReference; lastKnownFileType = sourcecode.swift; path = TableViewCell.swift; sourceTree = "<group>"; };
		834C216C265B9B500073948C /* FirstViewController.swift */ = {isa = PBXFileReference; lastKnownFileType = sourcecode.swift; path = FirstViewController.swift; sourceTree = "<group>"; };
		834C2171265B9B650073948C /* Second.storyboard */ = {isa = PBXFileReference; lastKnownFileType = file.storyboard; path = Second.storyboard; sourceTree = "<group>"; };
		834C2176265B9B770073948C /* SecondViewController.swift */ = {isa = PBXFileReference; lastKnownFileType = sourcecode.swift; path = SecondViewController.swift; sourceTree = "<group>"; };
		834C217B265B9CB80073948C /* Router.swift */ = {isa = PBXFileReference; lastKnownFileType = sourcecode.swift; path = Router.swift; sourceTree = "<group>"; };
/* End PBXFileReference section */

/* Begin PBXFrameworksBuildPhase section */
		834C2120265B9AC20073948C /* Frameworks */ = {
			isa = PBXFrameworksBuildPhase;
			buildActionMask = 2147483647;
			files = (
			);
			runOnlyForDeploymentPostprocessing = 0;
		};
		834C2136265B9AC30073948C /* Frameworks */ = {
			isa = PBXFrameworksBuildPhase;
			buildActionMask = 2147483647;
			files = (
			);
			runOnlyForDeploymentPostprocessing = 0;
		};
		834C2141265B9AC30073948C /* Frameworks */ = {
			isa = PBXFrameworksBuildPhase;
			buildActionMask = 2147483647;
			files = (
			);
			runOnlyForDeploymentPostprocessing = 0;
		};
/* End PBXFrameworksBuildPhase section */

/* Begin PBXGroup section */
		834C211A265B9AC20073948C = {
			isa = PBXGroup;
			children = (
				834C2125265B9AC20073948C /* aoka-TaskApp15 */,
				834C213C265B9AC30073948C /* aoka-TaskApp15Tests */,
				834C2147265B9AC30073948C /* aoka-TaskApp15UITests */,
				834C2124265B9AC20073948C /* Products */,
			);
			sourceTree = "<group>";
		};
		834C2124265B9AC20073948C /* Products */ = {
			isa = PBXGroup;
			children = (
				834C2123265B9AC20073948C /* aoka-TaskApp15.app */,
				834C2139265B9AC30073948C /* aoka-TaskApp15Tests.xctest */,
				834C2144265B9AC30073948C /* aoka-TaskApp15UITests.xctest */,
			);
			name = Products;
			sourceTree = "<group>";
		};
		834C2125265B9AC20073948C /* aoka-TaskApp15 */ = {
			isa = PBXGroup;
			children = (
				834C2189265BA26C0073948C /* First */,
				834C218A265BA27B0073948C /* Seconde */,
				834C2126265B9AC20073948C /* AppDelegate.swift */,
				834C2167265B9B360073948C /* TableViewCell.swift */,
				834C217B265B9CB80073948C /* Router.swift */,
				834C212F265B9AC30073948C /* Assets.xcassets */,
				834C2131265B9AC30073948C /* LaunchScreen.storyboard */,
				834C2134265B9AC30073948C /* Info.plist */,
			);
			path = "aoka-TaskApp15";
			sourceTree = "<group>";
		};
		834C213C265B9AC30073948C /* aoka-TaskApp15Tests */ = {
			isa = PBXGroup;
			children = (
				834C213D265B9AC30073948C /* aoka_TaskApp15Tests.swift */,
				834C213F265B9AC30073948C /* Info.plist */,
			);
			path = "aoka-TaskApp15Tests";
			sourceTree = "<group>";
		};
		834C2147265B9AC30073948C /* aoka-TaskApp15UITests */ = {
			isa = PBXGroup;
			children = (
				834C2148265B9AC30073948C /* aoka_TaskApp15UITests.swift */,
				834C214A265B9AC30073948C /* Info.plist */,
			);
			path = "aoka-TaskApp15UITests";
			sourceTree = "<group>";
		};
		834C2189265BA26C0073948C /* First */ = {
			isa = PBXGroup;
			children = (
				834C2162265B9B170073948C /* First.storyboard */,
				834C216C265B9B500073948C /* FirstViewController.swift */,
			);
			path = First;
			sourceTree = "<group>";
		};
		834C218A265BA27B0073948C /* Seconde */ = {
			isa = PBXGroup;
			children = (
				834C2171265B9B650073948C /* Second.storyboard */,
				834C2176265B9B770073948C /* SecondViewController.swift */,
			);
			path = Seconde;
			sourceTree = "<group>";
		};
/* End PBXGroup section */

/* Begin PBXNativeTarget section */
		834C2122265B9AC20073948C /* aoka-TaskApp15 */ = {
			isa = PBXNativeTarget;
			buildConfigurationList = 834C214D265B9AC30073948C /* Build configuration list for PBXNativeTarget "aoka-TaskApp15" */;
			buildPhases = (
				834C211F265B9AC20073948C /* Sources */,
				834C2120265B9AC20073948C /* Frameworks */,
				834C2121265B9AC20073948C /* Resources */,
			);
			buildRules = (
			);
			dependencies = (
			);
			name = "aoka-TaskApp15";
			productName = "aoka-TaskApp15";
			productReference = 834C2123265B9AC20073948C /* aoka-TaskApp15.app */;
			productType = "com.apple.product-type.application";
		};
		834C2138265B9AC30073948C /* aoka-TaskApp15Tests */ = {
			isa = PBXNativeTarget;
			buildConfigurationList = 834C2150265B9AC30073948C /* Build configuration list for PBXNativeTarget "aoka-TaskApp15Tests" */;
			buildPhases = (
				834C2135265B9AC30073948C /* Sources */,
				834C2136265B9AC30073948C /* Frameworks */,
				834C2137265B9AC30073948C /* Resources */,
			);
			buildRules = (
			);
			dependencies = (
				834C213B265B9AC30073948C /* PBXTargetDependency */,
			);
			name = "aoka-TaskApp15Tests";
			productName = "aoka-TaskApp15Tests";
			productReference = 834C2139265B9AC30073948C /* aoka-TaskApp15Tests.xctest */;
			productType = "com.apple.product-type.bundle.unit-test";
		};
		834C2143265B9AC30073948C /* aoka-TaskApp15UITests */ = {
			isa = PBXNativeTarget;
			buildConfigurationList = 834C2153265B9AC30073948C /* Build configuration list for PBXNativeTarget "aoka-TaskApp15UITests" */;
			buildPhases = (
				834C2140265B9AC30073948C /* Sources */,
				834C2141265B9AC30073948C /* Frameworks */,
				834C2142265B9AC30073948C /* Resources */,
			);
			buildRules = (
			);
			dependencies = (
				834C2146265B9AC30073948C /* PBXTargetDependency */,
			);
			name = "aoka-TaskApp15UITests";
			productName = "aoka-TaskApp15UITests";
			productReference = 834C2144265B9AC30073948C /* aoka-TaskApp15UITests.xctest */;
			productType = "com.apple.product-type.bundle.ui-testing";
		};
/* End PBXNativeTarget section */

/* Begin PBXProject section */
		834C211B265B9AC20073948C /* Project object */ = {
			isa = PBXProject;
			attributes = {
				LastSwiftUpdateCheck = 1240;
				LastUpgradeCheck = 1240;
				TargetAttributes = {
					834C2122265B9AC20073948C = {
						CreatedOnToolsVersion = 12.4;
					};
					834C2138265B9AC30073948C = {
						CreatedOnToolsVersion = 12.4;
						TestTargetID = 834C2122265B9AC20073948C;
					};
					834C2143265B9AC30073948C = {
						CreatedOnToolsVersion = 12.4;
						TestTargetID = 834C2122265B9AC20073948C;
					};
				};
			};
			buildConfigurationList = 834C211E265B9AC20073948C /* Build configuration list for PBXProject "aoka-TaskApp15" */;
			compatibilityVersion = "Xcode 9.3";
			developmentRegion = en;
			hasScannedForEncodings = 0;
			knownRegions = (
				en,
				Base,
			);
			mainGroup = 834C211A265B9AC20073948C;
			productRefGroup = 834C2124265B9AC20073948C /* Products */;
			projectDirPath = "";
			projectRoot = "";
			targets = (
				834C2122265B9AC20073948C /* aoka-TaskApp15 */,
				834C2138265B9AC30073948C /* aoka-TaskApp15Tests */,
				834C2143265B9AC30073948C /* aoka-TaskApp15UITests */,
			);
		};
/* End PBXProject section */

/* Begin PBXResourcesBuildPhase section */
		834C2121265B9AC20073948C /* Resources */ = {
			isa = PBXResourcesBuildPhase;
			buildActionMask = 2147483647;
			files = (
				834C2133265B9AC30073948C /* LaunchScreen.storyboard in Resources */,
				834C2130265B9AC30073948C /* Assets.xcassets in Resources */,
				834C2172265B9B650073948C /* Second.storyboard in Resources */,
				834C2163265B9B170073948C /* First.storyboard in Resources */,
			);
			runOnlyForDeploymentPostprocessing = 0;
		};
		834C2137265B9AC30073948C /* Resources */ = {
			isa = PBXResourcesBuildPhase;
			buildActionMask = 2147483647;
			files = (
			);
			runOnlyForDeploymentPostprocessing = 0;
		};
		834C2142265B9AC30073948C /* Resources */ = {
			isa = PBXResourcesBuildPhase;
			buildActionMask = 2147483647;
			files = (
			);
			runOnlyForDeploymentPostprocessing = 0;
		};
/* End PBXResourcesBuildPhase section */

/* Begin PBXSourcesBuildPhase section */
		834C211F265B9AC20073948C /* Sources */ = {
			isa = PBXSourcesBuildPhase;
			buildActionMask = 2147483647;
			files = (
				834C2168265B9B360073948C /* TableViewCell.swift in Sources */,
				834C2177265B9B770073948C /* SecondViewController.swift in Sources */,
				834C2127265B9AC20073948C /* AppDelegate.swift in Sources */,
				834C217C265B9CB80073948C /* Router.swift in Sources */,
				834C216D265B9B500073948C /* FirstViewController.swift in Sources */,
			);
			runOnlyForDeploymentPostprocessing = 0;
		};
		834C2135265B9AC30073948C /* Sources */ = {
			isa = PBXSourcesBuildPhase;
			buildActionMask = 2147483647;
			files = (
				834C213E265B9AC30073948C /* aoka_TaskApp15Tests.swift in Sources */,
			);
			runOnlyForDeploymentPostprocessing = 0;
		};
		834C2140265B9AC30073948C /* Sources */ = {
			isa = PBXSourcesBuildPhase;
			buildActionMask = 2147483647;
			files = (
				834C2149265B9AC30073948C /* aoka_TaskApp15UITests.swift in Sources */,
			);
			runOnlyForDeploymentPostprocessing = 0;
		};
/* End PBXSourcesBuildPhase section */

/* Begin PBXTargetDependency section */
		834C213B265B9AC30073948C /* PBXTargetDependency */ = {
			isa = PBXTargetDependency;
			target = 834C2122265B9AC20073948C /* aoka-TaskApp15 */;
			targetProxy = 834C213A265B9AC30073948C /* PBXContainerItemProxy */;
		};
		834C2146265B9AC30073948C /* PBXTargetDependency */ = {
			isa = PBXTargetDependency;
			target = 834C2122265B9AC20073948C /* aoka-TaskApp15 */;
			targetProxy = 834C2145265B9AC30073948C /* PBXContainerItemProxy */;
		};
/* End PBXTargetDependency section */

/* Begin PBXVariantGroup section */
		834C2131265B9AC30073948C /* LaunchScreen.storyboard */ = {
			isa = PBXVariantGroup;
			children = (
				834C2132265B9AC30073948C /* Base */,
			);
			name = LaunchScreen.storyboard;
			sourceTree = "<group>";
		};
/* End PBXVariantGroup section */

/* Begin XCBuildConfiguration section */
		834C214B265B9AC30073948C /* Debug */ = {
			isa = XCBuildConfiguration;
			buildSettings = {
				ALWAYS_SEARCH_USER_PATHS = NO;
				CLANG_ANALYZER_NONNULL = YES;
				CLANG_ANALYZER_NUMBER_OBJECT_CONVERSION = YES_AGGRESSIVE;
				CLANG_CXX_LANGUAGE_STANDARD = "gnu++14";
				CLANG_CXX_LIBRARY = "libc++";
				CLANG_ENABLE_MODULES = YES;
				CLANG_ENABLE_OBJC_ARC = YES;
				CLANG_ENABLE_OBJC_WEAK = YES;
				CLANG_WARN_BLOCK_CAPTURE_AUTORELEASING = YES;
				CLANG_WARN_BOOL_CONVERSION = YES;
				CLANG_WARN_COMMA = YES;
				CLANG_WARN_CONSTANT_CONVERSION = YES;
				CLANG_WARN_DEPRECATED_OBJC_IMPLEMENTATIONS = YES;
				CLANG_WARN_DIRECT_OBJC_ISA_USAGE = YES_ERROR;
				CLANG_WARN_DOCUMENTATION_COMMENTS = YES;
				CLANG_WARN_EMPTY_BODY = YES;
				CLANG_WARN_ENUM_CONVERSION = YES;
				CLANG_WARN_INFINITE_RECURSION = YES;
				CLANG_WARN_INT_CONVERSION = YES;
				CLANG_WARN_NON_LITERAL_NULL_CONVERSION = YES;
				CLANG_WARN_OBJC_IMPLICIT_RETAIN_SELF = YES;
				CLANG_WARN_OBJC_LITERAL_CONVERSION = YES;
				CLANG_WARN_OBJC_ROOT_CLASS = YES_ERROR;
				CLANG_WARN_QUOTED_INCLUDE_IN_FRAMEWORK_HEADER = YES;
				CLANG_WARN_RANGE_LOOP_ANALYSIS = YES;
				CLANG_WARN_STRICT_PROTOTYPES = YES;
				CLANG_WARN_SUSPICIOUS_MOVE = YES;
				CLANG_WARN_UNGUARDED_AVAILABILITY = YES_AGGRESSIVE;
				CLANG_WARN_UNREACHABLE_CODE = YES;
				CLANG_WARN__DUPLICATE_METHOD_MATCH = YES;
				COPY_PHASE_STRIP = NO;
				DEBUG_INFORMATION_FORMAT = dwarf;
				ENABLE_STRICT_OBJC_MSGSEND = YES;
				ENABLE_TESTABILITY = YES;
				GCC_C_LANGUAGE_STANDARD = gnu11;
				GCC_DYNAMIC_NO_PIC = NO;
				GCC_NO_COMMON_BLOCKS = YES;
				GCC_OPTIMIZATION_LEVEL = 0;
				GCC_PREPROCESSOR_DEFINITIONS = (
					"DEBUG=1",
					"$(inherited)",
				);
				GCC_WARN_64_TO_32_BIT_CONVERSION = YES;
				GCC_WARN_ABOUT_RETURN_TYPE = YES_ERROR;
				GCC_WARN_UNDECLARED_SELECTOR = YES;
				GCC_WARN_UNINITIALIZED_AUTOS = YES_AGGRESSIVE;
				GCC_WARN_UNUSED_FUNCTION = YES;
				GCC_WARN_UNUSED_VARIABLE = YES;
				IPHONEOS_DEPLOYMENT_TARGET = 14.4;
				MTL_ENABLE_DEBUG_INFO = INCLUDE_SOURCE;
				MTL_FAST_MATH = YES;
				ONLY_ACTIVE_ARCH = YES;
				SDKROOT = iphoneos;
				SWIFT_ACTIVE_COMPILATION_CONDITIONS = DEBUG;
				SWIFT_OPTIMIZATION_LEVEL = "-Onone";
			};
			name = Debug;
		};
		834C214C265B9AC30073948C /* Release */ = {
			isa = XCBuildConfiguration;
			buildSettings = {
				ALWAYS_SEARCH_USER_PATHS = NO;
				CLANG_ANALYZER_NONNULL = YES;
				CLANG_ANALYZER_NUMBER_OBJECT_CONVERSION = YES_AGGRESSIVE;
				CLANG_CXX_LANGUAGE_STANDARD = "gnu++14";
				CLANG_CXX_LIBRARY = "libc++";
				CLANG_ENABLE_MODULES = YES;
				CLANG_ENABLE_OBJC_ARC = YES;
				CLANG_ENABLE_OBJC_WEAK = YES;
				CLANG_WARN_BLOCK_CAPTURE_AUTORELEASING = YES;
				CLANG_WARN_BOOL_CONVERSION = YES;
				CLANG_WARN_COMMA = YES;
				CLANG_WARN_CONSTANT_CONVERSION = YES;
				CLANG_WARN_DEPRECATED_OBJC_IMPLEMENTATIONS = YES;
				CLANG_WARN_DIRECT_OBJC_ISA_USAGE = YES_ERROR;
				CLANG_WARN_DOCUMENTATION_COMMENTS = YES;
				CLANG_WARN_EMPTY_BODY = YES;
				CLANG_WARN_ENUM_CONVERSION = YES;
				CLANG_WARN_INFINITE_RECURSION = YES;
				CLANG_WARN_INT_CONVERSION = YES;
				CLANG_WARN_NON_LITERAL_NULL_CONVERSION = YES;
				CLANG_WARN_OBJC_IMPLICIT_RETAIN_SELF = YES;
				CLANG_WARN_OBJC_LITERAL_CONVERSION = YES;
				CLANG_WARN_OBJC_ROOT_CLASS = YES_ERROR;
				CLANG_WARN_QUOTED_INCLUDE_IN_FRAMEWORK_HEADER = YES;
				CLANG_WARN_RANGE_LOOP_ANALYSIS = YES;
				CLANG_WARN_STRICT_PROTOTYPES = YES;
				CLANG_WARN_SUSPICIOUS_MOVE = YES;
				CLANG_WARN_UNGUARDED_AVAILABILITY = YES_AGGRESSIVE;
				CLANG_WARN_UNREACHABLE_CODE = YES;
				CLANG_WARN__DUPLICATE_METHOD_MATCH = YES;
				COPY_PHASE_STRIP = NO;
				DEBUG_INFORMATION_FORMAT = "dwarf-with-dsym";
				ENABLE_NS_ASSERTIONS = NO;
				ENABLE_STRICT_OBJC_MSGSEND = YES;
				GCC_C_LANGUAGE_STANDARD = gnu11;
				GCC_NO_COMMON_BLOCKS = YES;
				GCC_WARN_64_TO_32_BIT_CONVERSION = YES;
				GCC_WARN_ABOUT_RETURN_TYPE = YES_ERROR;
				GCC_WARN_UNDECLARED_SELECTOR = YES;
				GCC_WARN_UNINITIALIZED_AUTOS = YES_AGGRESSIVE;
				GCC_WARN_UNUSED_FUNCTION = YES;
				GCC_WARN_UNUSED_VARIABLE = YES;
				IPHONEOS_DEPLOYMENT_TARGET = 14.4;
				MTL_ENABLE_DEBUG_INFO = NO;
				MTL_FAST_MATH = YES;
				SDKROOT = iphoneos;
				SWIFT_COMPILATION_MODE = wholemodule;
				SWIFT_OPTIMIZATION_LEVEL = "-O";
				VALIDATE_PRODUCT = YES;
			};
			name = Release;
		};
		834C214E265B9AC30073948C /* Debug */ = {
			isa = XCBuildConfiguration;
			buildSettings = {
				ASSETCATALOG_COMPILER_APPICON_NAME = AppIcon;
				ASSETCATALOG_COMPILER_GLOBAL_ACCENT_COLOR_NAME = AccentColor;
				CODE_SIGN_STYLE = Automatic;
				DEVELOPMENT_TEAM = "";
				INFOPLIST_FILE = "aoka-TaskApp15/Info.plist";
				IPHONEOS_DEPLOYMENT_TARGET = 11.0;
				LD_RUNPATH_SEARCH_PATHS = (
					"$(inherited)",
					"@executable_path/Frameworks",
				);
				PRODUCT_BUNDLE_IDENTIFIER = "koki.aoka-TaskApp15";
				PRODUCT_NAME = "$(TARGET_NAME)";
				SWIFT_VERSION = 5.0;
				TARGETED_DEVICE_FAMILY = "1,2";
			};
			name = Debug;
		};
		834C214F265B9AC30073948C /* Release */ = {
			isa = XCBuildConfiguration;
			buildSettings = {
				ASSETCATALOG_COMPILER_APPICON_NAME = AppIcon;
				ASSETCATALOG_COMPILER_GLOBAL_ACCENT_COLOR_NAME = AccentColor;
				CODE_SIGN_STYLE = Automatic;
				DEVELOPMENT_TEAM = "";
				INFOPLIST_FILE = "aoka-TaskApp15/Info.plist";
				IPHONEOS_DEPLOYMENT_TARGET = 11.0;
				LD_RUNPATH_SEARCH_PATHS = (
					"$(inherited)",
					"@executable_path/Frameworks",
				);
				PRODUCT_BUNDLE_IDENTIFIER = "koki.aoka-TaskApp15";
				PRODUCT_NAME = "$(TARGET_NAME)";
				SWIFT_VERSION = 5.0;
				TARGETED_DEVICE_FAMILY = "1,2";
			};
			name = Release;
		};
		834C2151265B9AC30073948C /* Debug */ = {
			isa = XCBuildConfiguration;
			buildSettings = {
				ALWAYS_EMBED_SWIFT_STANDARD_LIBRARIES = YES;
				BUNDLE_LOADER = "$(TEST_HOST)";
				CODE_SIGN_STYLE = Automatic;
				INFOPLIST_FILE = "aoka-TaskApp15Tests/Info.plist";
				IPHONEOS_DEPLOYMENT_TARGET = 14.4;
				LD_RUNPATH_SEARCH_PATHS = (
					"$(inherited)",
					"@executable_path/Frameworks",
					"@loader_path/Frameworks",
				);
				PRODUCT_BUNDLE_IDENTIFIER = "koki.aoka-TaskApp15Tests";
				PRODUCT_NAME = "$(TARGET_NAME)";
				SWIFT_VERSION = 5.0;
				TARGETED_DEVICE_FAMILY = "1,2";
				TEST_HOST = "$(BUILT_PRODUCTS_DIR)/aoka-TaskApp15.app/aoka-TaskApp15";
			};
			name = Debug;
		};
		834C2152265B9AC30073948C /* Release */ = {
			isa = XCBuildConfiguration;
			buildSettings = {
				ALWAYS_EMBED_SWIFT_STANDARD_LIBRARIES = YES;
				BUNDLE_LOADER = "$(TEST_HOST)";
				CODE_SIGN_STYLE = Automatic;
				INFOPLIST_FILE = "aoka-TaskApp15Tests/Info.plist";
				IPHONEOS_DEPLOYMENT_TARGET = 14.4;
				LD_RUNPATH_SEARCH_PATHS = (
					"$(inherited)",
					"@executable_path/Frameworks",
					"@loader_path/Frameworks",
				);
				PRODUCT_BUNDLE_IDENTIFIER = "koki.aoka-TaskApp15Tests";
				PRODUCT_NAME = "$(TARGET_NAME)";
				SWIFT_VERSION = 5.0;
				TARGETED_DEVICE_FAMILY = "1,2";
				TEST_HOST = "$(BUILT_PRODUCTS_DIR)/aoka-TaskApp15.app/aoka-TaskApp15";
			};
			name = Release;
		};
		834C2154265B9AC30073948C /* Debug */ = {
			isa = XCBuildConfiguration;
			buildSettings = {
				ALWAYS_EMBED_SWIFT_STANDARD_LIBRARIES = YES;
				CODE_SIGN_STYLE = Automatic;
				INFOPLIST_FILE = "aoka-TaskApp15UITests/Info.plist";
				LD_RUNPATH_SEARCH_PATHS = (
					"$(inherited)",
					"@executable_path/Frameworks",
					"@loader_path/Frameworks",
				);
				PRODUCT_BUNDLE_IDENTIFIER = "koki.aoka-TaskApp15UITests";
				PRODUCT_NAME = "$(TARGET_NAME)";
				SWIFT_VERSION = 5.0;
				TARGETED_DEVICE_FAMILY = "1,2";
				TEST_TARGET_NAME = "aoka-TaskApp15";
			};
			name = Debug;
		};
		834C2155265B9AC30073948C /* Release */ = {
			isa = XCBuildConfiguration;
			buildSettings = {
				ALWAYS_EMBED_SWIFT_STANDARD_LIBRARIES = YES;
				CODE_SIGN_STYLE = Automatic;
				INFOPLIST_FILE = "aoka-TaskApp15UITests/Info.plist";
				LD_RUNPATH_SEARCH_PATHS = (
					"$(inherited)",
					"@executable_path/Frameworks",
					"@loader_path/Frameworks",
				);
				PRODUCT_BUNDLE_IDENTIFIER = "koki.aoka-TaskApp15UITests";
				PRODUCT_NAME = "$(TARGET_NAME)";
				SWIFT_VERSION = 5.0;
				TARGETED_DEVICE_FAMILY = "1,2";
				TEST_TARGET_NAME = "aoka-TaskApp15";
			};
			name = Release;
		};
/* End XCBuildConfiguration section */

/* Begin XCConfigurationList section */
		834C211E265B9AC20073948C /* Build configuration list for PBXProject "aoka-TaskApp15" */ = {
			isa = XCConfigurationList;
			buildConfigurations = (
				834C214B265B9AC30073948C /* Debug */,
				834C214C265B9AC30073948C /* Release */,
			);
			defaultConfigurationIsVisible = 0;
			defaultConfigurationName = Release;
		};
		834C214D265B9AC30073948C /* Build configuration list for PBXNativeTarget "aoka-TaskApp15" */ = {
			isa = XCConfigurationList;
			buildConfigurations = (
				834C214E265B9AC30073948C /* Debug */,
				834C214F265B9AC30073948C /* Release */,
			);
			defaultConfigurationIsVisible = 0;
			defaultConfigurationName = Release;
		};
		834C2150265B9AC30073948C /* Build configuration list for PBXNativeTarget "aoka-TaskApp15Tests" */ = {
			isa = XCConfigurationList;
			buildConfigurations = (
				834C2151265B9AC30073948C /* Debug */,
				834C2152265B9AC30073948C /* Release */,
			);
			defaultConfigurationIsVisible = 0;
			defaultConfigurationName = Release;
		};
		834C2153265B9AC30073948C /* Build configuration list for PBXNativeTarget "aoka-TaskApp15UITests" */ = {
			isa = XCConfigurationList;
			buildConfigurations = (
				834C2154265B9AC30073948C /* Debug */,
				834C2155265B9AC30073948C /* Release */,
			);
			defaultConfigurationIsVisible = 0;
			defaultConfigurationName = Release;
		};
/* End XCConfigurationList section */
	};
	rootObject = 834C211B265B9AC20073948C /* Project object */;
}
